// !$*UTF8*$!
{
	archiveVersion = 1;
	classes = {
	};
	objectVersion = 46;
	objects = {

/* Begin PBXBuildFile section */
		469736151E829F69005AEE30 /* AppDelegate.swift in Sources */ = {isa = PBXBuildFile; fileRef = 469736141E829F69005AEE30 /* AppDelegate.swift */; };
		469736171E829F69005AEE30 /* TechnologyViewController.swift in Sources */ = {isa = PBXBuildFile; fileRef = 469736161E829F69005AEE30 /* TechnologyViewController.swift */; };
		469736191E829F6A005AEE30 /* AdvantagesViewController.swift in Sources */ = {isa = PBXBuildFile; fileRef = 469736181E829F6A005AEE30 /* AdvantagesViewController.swift */; };
		4697361C1E829F6A005AEE30 /* Main.storyboard in Resources */ = {isa = PBXBuildFile; fileRef = 4697361A1E829F6A005AEE30 /* Main.storyboard */; };
		4697361E1E829F6A005AEE30 /* Assets.xcassets in Resources */ = {isa = PBXBuildFile; fileRef = 4697361D1E829F6A005AEE30 /* Assets.xcassets */; };
		469736211E829F6A005AEE30 /* LaunchScreen.storyboard in Resources */ = {isa = PBXBuildFile; fileRef = 4697361F1E829F6A005AEE30 /* LaunchScreen.storyboard */; };
		4697362C1E829F6A005AEE30 /* Korandil_AppTests.swift in Sources */ = {isa = PBXBuildFile; fileRef = 4697362B1E829F6A005AEE30 /* Korandil_AppTests.swift */; };
		469736371E829F6B005AEE30 /* Korandil_AppUITests.swift in Sources */ = {isa = PBXBuildFile; fileRef = 469736361E829F6B005AEE30 /* Korandil_AppUITests.swift */; };
		469736471E82A0F8005AEE30 /* button_advantages.png in Resources */ = {isa = PBXBuildFile; fileRef = 469736441E82A0F8005AEE30 /* button_advantages.png */; };
		469736481E82A0F8005AEE30 /* button_ce.png in Resources */ = {isa = PBXBuildFile; fileRef = 469736451E82A0F8005AEE30 /* button_ce.png */; };
		469736491E82A0F8005AEE30 /* button_tech.png in Resources */ = {isa = PBXBuildFile; fileRef = 469736461E82A0F8005AEE30 /* button_tech.png */; };
		4697364B1E82A16F005AEE30 /* CriticalViewController.swift in Sources */ = {isa = PBXBuildFile; fileRef = 4697364A1E82A16F005AEE30 /* CriticalViewController.swift */; };
		4697364D1E82A18F005AEE30 /* BlankViewController.swift in Sources */ = {isa = PBXBuildFile; fileRef = 4697364C1E82A18F005AEE30 /* BlankViewController.swift */; };
		4697364F1E82A429005AEE30 /* Button Home.png in Resources */ = {isa = PBXBuildFile; fileRef = 4697364E1E82A429005AEE30 /* Button Home.png */; };
		469736531E82AB44005AEE30 /* BG 01.png in Resources */ = {isa = PBXBuildFile; fileRef = 469736521E82AB44005AEE30 /* BG 01.png */; };
		469736551E82AC16005AEE30 /* button_ref.png in Resources */ = {isa = PBXBuildFile; fileRef = 469736541E82AC16005AEE30 /* button_ref.png */; };
		469736591E82AD24005AEE30 /* Button Advantages Highlighted.png in Resources */ = {isa = PBXBuildFile; fileRef = 469736561E82AD24005AEE30 /* Button Advantages Highlighted.png */; };
		4697365A1E82AD24005AEE30 /* Button Clinical Evidence Highlighted.png in Resources */ = {isa = PBXBuildFile; fileRef = 469736571E82AD24005AEE30 /* Button Clinical Evidence Highlighted.png */; };
		4697365B1E82AD24005AEE30 /* Button Technology Highlighted.png in Resources */ = {isa = PBXBuildFile; fileRef = 469736581E82AD24005AEE30 /* Button Technology Highlighted.png */; };
		4697365E1E82B1FE005AEE30 /* Strip Polyamide Layer.png in Resources */ = {isa = PBXBuildFile; fileRef = 4697365C1E82B1FE005AEE30 /* Strip Polyamide Layer.png */; };
		4697365F1E82B1FE005AEE30 /* Zoom Polyolefin Layer.png in Resources */ = {isa = PBXBuildFile; fileRef = 4697365D1E82B1FE005AEE30 /* Zoom Polyolefin Layer.png */; };
		469736611E82B245005AEE30 /* Strip Polyolefin Layer.png in Resources */ = {isa = PBXBuildFile; fileRef = 469736601E82B245005AEE30 /* Strip Polyolefin Layer.png */; };
		469736631E82B834005AEE30 /* Strip Aluminium Layer.png in Resources */ = {isa = PBXBuildFile; fileRef = 469736621E82B834005AEE30 /* Strip Aluminium Layer.png */; };
		469736651E82BB9D005AEE30 /* Zoom Aluminium Layer.png in Resources */ = {isa = PBXBuildFile; fileRef = 469736641E82BB9D005AEE30 /* Zoom Aluminium Layer.png */; };
		469736671E82BC2D005AEE30 /* Zoom Polyamide Layer.png in Resources */ = {isa = PBXBuildFile; fileRef = 469736661E82BC2D005AEE30 /* Zoom Polyamide Layer.png */; };
		4697366D1E82CA18005AEE30 /* Advantage 01.png in Resources */ = {isa = PBXBuildFile; fileRef = 469736681E82CA18005AEE30 /* Advantage 01.png */; };
		4697366E1E82CA18005AEE30 /* Advantage 02.png in Resources */ = {isa = PBXBuildFile; fileRef = 469736691E82CA18005AEE30 /* Advantage 02.png */; };
		4697366F1E82CA18005AEE30 /* Advantage 03.png in Resources */ = {isa = PBXBuildFile; fileRef = 4697366A1E82CA18005AEE30 /* Advantage 03.png */; };
		469736701E82CA18005AEE30 /* Multiple advantages over bottle pack.png in Resources */ = {isa = PBXBuildFile; fileRef = 4697366B1E82CA18005AEE30 /* Multiple advantages over bottle pack.png */; };
		469736711E82CA18005AEE30 /* Strip Vertical View.png in Resources */ = {isa = PBXBuildFile; fileRef = 4697366C1E82CA18005AEE30 /* Strip Vertical View.png */; };
		4697367A1E82CD19005AEE30 /* Documented safety across the IHD spectrum.png in Resources */ = {isa = PBXBuildFile; fileRef = 469736721E82CD19005AEE30 /* Documented safety across the IHD spectrum.png */; };
		4697367B1E82CD19005AEE30 /* Empowered for efficacy compliance and dependable outcomes.png in Resources */ = {isa = PBXBuildFile; fileRef = 469736731E82CD19005AEE30 /* Empowered for efficacy compliance and dependable outcomes.png */; };
		4697367C1E82CD19005AEE30 /* Rectangle AMI.png in Resources */ = {isa = PBXBuildFile; fileRef = 469736741E82CD19005AEE30 /* Rectangle AMI.png */; };
		4697367D1E82CD19005AEE30 /* Rectangle Stable Angina.png in Resources */ = {isa = PBXBuildFile; fileRef = 469736751E82CD19005AEE30 /* Rectangle Stable Angina.png */; };
		4697367E1E82CD19005AEE30 /* Rectangle Unstable Angina.png in Resources */ = {isa = PBXBuildFile; fileRef = 469736761E82CD19005AEE30 /* Rectangle Unstable Angina.png */; };
		4697367F1E82CD19005AEE30 /* Triangle AMI.png in Resources */ = {isa = PBXBuildFile; fileRef = 469736771E82CD19005AEE30 /* Triangle AMI.png */; };
		469736801E82CD19005AEE30 /* Triangle Stable Angina.png in Resources */ = {isa = PBXBuildFile; fileRef = 469736781E82CD19005AEE30 /* Triangle Stable Angina.png */; };
		469736811E82CD19005AEE30 /* Triangle Unstable Angina.png in Resources */ = {isa = PBXBuildFile; fileRef = 469736791E82CD19005AEE30 /* Triangle Unstable Angina.png */; };
		469736831E82D21B005AEE30 /* korandil.mp4 in Resources */ = {isa = PBXBuildFile; fileRef = 469736821E82D1A6005AEE30 /* korandil.mp4 */; };
		469736851E82D2F7005AEE30 /* StartViewController.swift in Sources */ = {isa = PBXBuildFile; fileRef = 469736841E82D2F7005AEE30 /* StartViewController.swift */; };
		469736891E82D30B005AEE30 /* AVFoundation.framework in Frameworks */ = {isa = PBXBuildFile; fileRef = 469736871E82D30B005AEE30 /* AVFoundation.framework */; };
		4697368A1E82D30B005AEE30 /* AVKit.framework in Frameworks */ = {isa = PBXBuildFile; fileRef = 469736881E82D30B005AEE30 /* AVKit.framework */; };
		46F6E3771E83E5200074405E /* techlabel.png in Resources */ = {isa = PBXBuildFile; fileRef = 46F6E3761E83E5200074405E /* techlabel.png */; };
		46F6E3791E83E5790074405E /* Strip Shadow.png in Resources */ = {isa = PBXBuildFile; fileRef = 46F6E3781E83E5790074405E /* Strip Shadow.png */; };
/* End PBXBuildFile section */

/* Begin PBXContainerItemProxy section */
		469736281E829F6A005AEE30 /* PBXContainerItemProxy */ = {
			isa = PBXContainerItemProxy;
			containerPortal = 469736091E829F67005AEE30 /* Project object */;
			proxyType = 1;
			remoteGlobalIDString = 469736101E829F67005AEE30;
			remoteInfo = "Korandil App";
		};
		469736331E829F6B005AEE30 /* PBXContainerItemProxy */ = {
			isa = PBXContainerItemProxy;
			containerPortal = 469736091E829F67005AEE30 /* Project object */;
			proxyType = 1;
			remoteGlobalIDString = 469736101E829F67005AEE30;
			remoteInfo = "Korandil App";
		};
/* End PBXContainerItemProxy section */

/* Begin PBXFileReference section */
		469736111E829F69005AEE30 /* Korandil App.app */ = {isa = PBXFileReference; explicitFileType = wrapper.application; includeInIndex = 0; path = "Korandil App.app"; sourceTree = BUILT_PRODUCTS_DIR; };
		469736141E829F69005AEE30 /* AppDelegate.swift */ = {isa = PBXFileReference; lastKnownFileType = sourcecode.swift; path = AppDelegate.swift; sourceTree = "<group>"; };
		469736161E829F69005AEE30 /* TechnologyViewController.swift */ = {isa = PBXFileReference; lastKnownFileType = sourcecode.swift; path = TechnologyViewController.swift; sourceTree = "<group>"; };
		469736181E829F6A005AEE30 /* AdvantagesViewController.swift */ = {isa = PBXFileReference; lastKnownFileType = sourcecode.swift; path = AdvantagesViewController.swift; sourceTree = "<group>"; };
		4697361B1E829F6A005AEE30 /* Base */ = {isa = PBXFileReference; lastKnownFileType = file.storyboard; name = Base; path = Base.lproj/Main.storyboard; sourceTree = "<group>"; };
		4697361D1E829F6A005AEE30 /* Assets.xcassets */ = {isa = PBXFileReference; lastKnownFileType = folder.assetcatalog; path = Assets.xcassets; sourceTree = "<group>"; };
		469736201E829F6A005AEE30 /* Base */ = {isa = PBXFileReference; lastKnownFileType = file.storyboard; name = Base; path = Base.lproj/LaunchScreen.storyboard; sourceTree = "<group>"; };
		469736221E829F6A005AEE30 /* Info.plist */ = {isa = PBXFileReference; lastKnownFileType = text.plist.xml; path = Info.plist; sourceTree = "<group>"; };
		469736271E829F6A005AEE30 /* Korandil AppTests.xctest */ = {isa = PBXFileReference; explicitFileType = wrapper.cfbundle; includeInIndex = 0; path = "Korandil AppTests.xctest"; sourceTree = BUILT_PRODUCTS_DIR; };
		4697362B1E829F6A005AEE30 /* Korandil_AppTests.swift */ = {isa = PBXFileReference; lastKnownFileType = sourcecode.swift; path = Korandil_AppTests.swift; sourceTree = "<group>"; };
		4697362D1E829F6A005AEE30 /* Info.plist */ = {isa = PBXFileReference; lastKnownFileType = text.plist.xml; path = Info.plist; sourceTree = "<group>"; };
		469736321E829F6B005AEE30 /* Korandil AppUITests.xctest */ = {isa = PBXFileReference; explicitFileType = wrapper.cfbundle; includeInIndex = 0; path = "Korandil AppUITests.xctest"; sourceTree = BUILT_PRODUCTS_DIR; };
		469736361E829F6B005AEE30 /* Korandil_AppUITests.swift */ = {isa = PBXFileReference; lastKnownFileType = sourcecode.swift; path = Korandil_AppUITests.swift; sourceTree = "<group>"; };
		469736381E829F6B005AEE30 /* Info.plist */ = {isa = PBXFileReference; lastKnownFileType = text.plist.xml; path = Info.plist; sourceTree = "<group>"; };
		469736441E82A0F8005AEE30 /* button_advantages.png */ = {isa = PBXFileReference; lastKnownFileType = image.png; path = button_advantages.png; sourceTree = "<group>"; };
		469736451E82A0F8005AEE30 /* button_ce.png */ = {isa = PBXFileReference; lastKnownFileType = image.png; path = button_ce.png; sourceTree = "<group>"; };
		469736461E82A0F8005AEE30 /* button_tech.png */ = {isa = PBXFileReference; lastKnownFileType = image.png; path = button_tech.png; sourceTree = "<group>"; };
		4697364A1E82A16F005AEE30 /* CriticalViewController.swift */ = {isa = PBXFileReference; fileEncoding = 4; lastKnownFileType = sourcecode.swift; path = CriticalViewController.swift; sourceTree = "<group>"; };
		4697364C1E82A18F005AEE30 /* BlankViewController.swift */ = {isa = PBXFileReference; fileEncoding = 4; lastKnownFileType = sourcecode.swift; path = BlankViewController.swift; sourceTree = "<group>"; };
		4697364E1E82A429005AEE30 /* Button Home.png */ = {isa = PBXFileReference; lastKnownFileType = image.png; path = "Button Home.png"; sourceTree = "<group>"; };
		469736521E82AB44005AEE30 /* BG 01.png */ = {isa = PBXFileReference; lastKnownFileType = image.png; path = "BG 01.png"; sourceTree = "<group>"; };
		469736541E82AC16005AEE30 /* button_ref.png */ = {isa = PBXFileReference; lastKnownFileType = image.png; path = button_ref.png; sourceTree = "<group>"; };
		469736561E82AD24005AEE30 /* Button Advantages Highlighted.png */ = {isa = PBXFileReference; lastKnownFileType = image.png; path = "Button Advantages Highlighted.png"; sourceTree = "<group>"; };
		469736571E82AD24005AEE30 /* Button Clinical Evidence Highlighted.png */ = {isa = PBXFileReference; lastKnownFileType = image.png; path = "Button Clinical Evidence Highlighted.png"; sourceTree = "<group>"; };
		469736581E82AD24005AEE30 /* Button Technology Highlighted.png */ = {isa = PBXFileReference; lastKnownFileType = image.png; path = "Button Technology Highlighted.png"; sourceTree = "<group>"; };
		4697365C1E82B1FE005AEE30 /* Strip Polyamide Layer.png */ = {isa = PBXFileReference; lastKnownFileType = image.png; path = "Strip Polyamide Layer.png"; sourceTree = "<group>"; };
		4697365D1E82B1FE005AEE30 /* Zoom Polyolefin Layer.png */ = {isa = PBXFileReference; lastKnownFileType = image.png; path = "Zoom Polyolefin Layer.png"; sourceTree = "<group>"; };
		469736601E82B245005AEE30 /* Strip Polyolefin Layer.png */ = {isa = PBXFileReference; lastKnownFileType = image.png; path = "Strip Polyolefin Layer.png"; sourceTree = "<group>"; };
		469736621E82B834005AEE30 /* Strip Aluminium Layer.png */ = {isa = PBXFileReference; lastKnownFileType = image.png; path = "Strip Aluminium Layer.png"; sourceTree = "<group>"; };
		469736641E82BB9D005AEE30 /* Zoom Aluminium Layer.png */ = {isa = PBXFileReference; lastKnownFileType = image.png; path = "Zoom Aluminium Layer.png"; sourceTree = "<group>"; };
		469736661E82BC2D005AEE30 /* Zoom Polyamide Layer.png */ = {isa = PBXFileReference; lastKnownFileType = image.png; path = "Zoom Polyamide Layer.png"; sourceTree = "<group>"; };
		469736681E82CA18005AEE30 /* Advantage 01.png */ = {isa = PBXFileReference; lastKnownFileType = image.png; path = "Advantage 01.png"; sourceTree = "<group>"; };
		469736691E82CA18005AEE30 /* Advantage 02.png */ = {isa = PBXFileReference; lastKnownFileType = image.png; path = "Advantage 02.png"; sourceTree = "<group>"; };
		4697366A1E82CA18005AEE30 /* Advantage 03.png */ = {isa = PBXFileReference; lastKnownFileType = image.png; path = "Advantage 03.png"; sourceTree = "<group>"; };
		4697366B1E82CA18005AEE30 /* Multiple advantages over bottle pack.png */ = {isa = PBXFileReference; lastKnownFileType = image.png; path = "Multiple advantages over bottle pack.png"; sourceTree = "<group>"; };
		4697366C1E82CA18005AEE30 /* Strip Vertical View.png */ = {isa = PBXFileReference; lastKnownFileType = image.png; path = "Strip Vertical View.png"; sourceTree = "<group>"; };
		469736721E82CD19005AEE30 /* Documented safety across the IHD spectrum.png */ = {isa = PBXFileReference; lastKnownFileType = image.png; path = "Documented safety across the IHD spectrum.png"; sourceTree = "<group>"; };
		469736731E82CD19005AEE30 /* Empowered for efficacy compliance and dependable outcomes.png */ = {isa = PBXFileReference; lastKnownFileType = image.png; path = "Empowered for efficacy compliance and dependable outcomes.png"; sourceTree = "<group>"; };
		469736741E82CD19005AEE30 /* Rectangle AMI.png */ = {isa = PBXFileReference; lastKnownFileType = image.png; path = "Rectangle AMI.png"; sourceTree = "<group>"; };
		469736751E82CD19005AEE30 /* Rectangle Stable Angina.png */ = {isa = PBXFileReference; lastKnownFileType = image.png; path = "Rectangle Stable Angina.png"; sourceTree = "<group>"; };
		469736761E82CD19005AEE30 /* Rectangle Unstable Angina.png */ = {isa = PBXFileReference; lastKnownFileType = image.png; path = "Rectangle Unstable Angina.png"; sourceTree = "<group>"; };
		469736771E82CD19005AEE30 /* Triangle AMI.png */ = {isa = PBXFileReference; lastKnownFileType = image.png; path = "Triangle AMI.png"; sourceTree = "<group>"; };
		469736781E82CD19005AEE30 /* Triangle Stable Angina.png */ = {isa = PBXFileReference; lastKnownFileType = image.png; path = "Triangle Stable Angina.png"; sourceTree = "<group>"; };
		469736791E82CD19005AEE30 /* Triangle Unstable Angina.png */ = {isa = PBXFileReference; lastKnownFileType = image.png; path = "Triangle Unstable Angina.png"; sourceTree = "<group>"; };
		469736821E82D1A6005AEE30 /* korandil.mp4 */ = {isa = PBXFileReference; lastKnownFileType = file; path = korandil.mp4; sourceTree = "<group>"; };
		469736841E82D2F7005AEE30 /* StartViewController.swift */ = {isa = PBXFileReference; fileEncoding = 4; lastKnownFileType = sourcecode.swift; path = StartViewController.swift; sourceTree = "<group>"; };
		469736871E82D30B005AEE30 /* AVFoundation.framework */ = {isa = PBXFileReference; lastKnownFileType = wrapper.framework; name = AVFoundation.framework; path = System/Library/Frameworks/AVFoundation.framework; sourceTree = SDKROOT; };
		469736881E82D30B005AEE30 /* AVKit.framework */ = {isa = PBXFileReference; lastKnownFileType = wrapper.framework; name = AVKit.framework; path = System/Library/Frameworks/AVKit.framework; sourceTree = SDKROOT; };
		46F6E3761E83E5200074405E /* techlabel.png */ = {isa = PBXFileReference; lastKnownFileType = image.png; path = techlabel.png; sourceTree = "<group>"; };
		46F6E3781E83E5790074405E /* Strip Shadow.png */ = {isa = PBXFileReference; lastKnownFileType = image.png; path = "Strip Shadow.png"; sourceTree = "<group>"; };
/* End PBXFileReference section */

/* Begin PBXFrameworksBuildPhase section */
		4697360E1E829F67005AEE30 /* Frameworks */ = {
			isa = PBXFrameworksBuildPhase;
			buildActionMask = 2147483647;
			files = (
				469736891E82D30B005AEE30 /* AVFoundation.framework in Frameworks */,
				4697368A1E82D30B005AEE30 /* AVKit.framework in Frameworks */,
			);
			runOnlyForDeploymentPostprocessing = 0;
		};
		469736241E829F6A005AEE30 /* Frameworks */ = {
			isa = PBXFrameworksBuildPhase;
			buildActionMask = 2147483647;
			files = (
			);
			runOnlyForDeploymentPostprocessing = 0;
		};
		4697362F1E829F6B005AEE30 /* Frameworks */ = {
			isa = PBXFrameworksBuildPhase;
			buildActionMask = 2147483647;
			files = (
			);
			runOnlyForDeploymentPostprocessing = 0;
		};
/* End PBXFrameworksBuildPhase section */

/* Begin PBXGroup section */
		469736081E829F67005AEE30 = {
			isa = PBXGroup;
			children = (
				469736131E829F69005AEE30 /* Korandil App */,
				4697362A1E829F6A005AEE30 /* Korandil AppTests */,
				469736351E829F6B005AEE30 /* Korandil AppUITests */,
				469736121E829F69005AEE30 /* Products */,
				469736861E82D30B005AEE30 /* Frameworks */,
			);
			sourceTree = "<group>";
		};
		469736121E829F69005AEE30 /* Products */ = {
			isa = PBXGroup;
			children = (
				469736111E829F69005AEE30 /* Korandil App.app */,
				469736271E829F6A005AEE30 /* Korandil AppTests.xctest */,
				469736321E829F6B005AEE30 /* Korandil AppUITests.xctest */,
			);
			name = Products;
			sourceTree = "<group>";
		};
		469736131E829F69005AEE30 /* Korandil App */ = {
			isa = PBXGroup;
			children = (
				469736511E82AB25005AEE30 /* images */,
				469736141E829F69005AEE30 /* AppDelegate.swift */,
				469736501E82AB1D005AEE30 /* Controllers */,
				4697361A1E829F6A005AEE30 /* Main.storyboard */,
				4697361D1E829F6A005AEE30 /* Assets.xcassets */,
				4697361F1E829F6A005AEE30 /* LaunchScreen.storyboard */,
				469736221E829F6A005AEE30 /* Info.plist */,
			);
			path = "Korandil App";
			sourceTree = "<group>";
		};
		4697362A1E829F6A005AEE30 /* Korandil AppTests */ = {
			isa = PBXGroup;
			children = (
				4697362B1E829F6A005AEE30 /* Korandil_AppTests.swift */,
				4697362D1E829F6A005AEE30 /* Info.plist */,
			);
			path = "Korandil AppTests";
			sourceTree = "<group>";
		};
		469736351E829F6B005AEE30 /* Korandil AppUITests */ = {
			isa = PBXGroup;
			children = (
				469736361E829F6B005AEE30 /* Korandil_AppUITests.swift */,
				469736381E829F6B005AEE30 /* Info.plist */,
			);
			path = "Korandil AppUITests";
			sourceTree = "<group>";
		};
		469736501E82AB1D005AEE30 /* Controllers */ = {
			isa = PBXGroup;
			children = (
				469736841E82D2F7005AEE30 /* StartViewController.swift */,
				4697364C1E82A18F005AEE30 /* BlankViewController.swift */,
				469736161E829F69005AEE30 /* TechnologyViewController.swift */,
				469736181E829F6A005AEE30 /* AdvantagesViewController.swift */,
				4697364A1E82A16F005AEE30 /* CriticalViewController.swift */,
			);
			name = Controllers;
			sourceTree = "<group>";
		};
		469736511E82AB25005AEE30 /* images */ = {
			isa = PBXGroup;
			children = (
				46F6E3781E83E5790074405E /* Strip Shadow.png */,
				46F6E3761E83E5200074405E /* techlabel.png */,
				469736821E82D1A6005AEE30 /* korandil.mp4 */,
				469736541E82AC16005AEE30 /* button_ref.png */,
				469736721E82CD19005AEE30 /* Documented safety across the IHD spectrum.png */,
				469736731E82CD19005AEE30 /* Empowered for efficacy compliance and dependable outcomes.png */,
				469736741E82CD19005AEE30 /* Rectangle AMI.png */,
				469736751E82CD19005AEE30 /* Rectangle Stable Angina.png */,
				469736761E82CD19005AEE30 /* Rectangle Unstable Angina.png */,
				469736771E82CD19005AEE30 /* Triangle AMI.png */,
				469736781E82CD19005AEE30 /* Triangle Stable Angina.png */,
				469736791E82CD19005AEE30 /* Triangle Unstable Angina.png */,
				469736681E82CA18005AEE30 /* Advantage 01.png */,
				469736691E82CA18005AEE30 /* Advantage 02.png */,
				4697366A1E82CA18005AEE30 /* Advantage 03.png */,
				4697366B1E82CA18005AEE30 /* Multiple advantages over bottle pack.png */,
				4697366C1E82CA18005AEE30 /* Strip Vertical View.png */,
				469736661E82BC2D005AEE30 /* Zoom Polyamide Layer.png */,
				469736641E82BB9D005AEE30 /* Zoom Aluminium Layer.png */,
				4697365D1E82B1FE005AEE30 /* Zoom Polyolefin Layer.png */,
				469736621E82B834005AEE30 /* Strip Aluminium Layer.png */,
				469736601E82B245005AEE30 /* Strip Polyolefin Layer.png */,
				4697365C1E82B1FE005AEE30 /* Strip Polyamide Layer.png */,
				469736561E82AD24005AEE30 /* Button Advantages Highlighted.png */,
				469736571E82AD24005AEE30 /* Button Clinical Evidence Highlighted.png */,
				469736581E82AD24005AEE30 /* Button Technology Highlighted.png */,
				469736521E82AB44005AEE30 /* BG 01.png */,
				469736441E82A0F8005AEE30 /* button_advantages.png */,
				4697364E1E82A429005AEE30 /* Button Home.png */,
				469736451E82A0F8005AEE30 /* button_ce.png */,
				469736461E82A0F8005AEE30 /* button_tech.png */,
			);
			name = images;
			sourceTree = "<group>";
		};
		469736861E82D30B005AEE30 /* Frameworks */ = {
			isa = PBXGroup;
			children = (
				469736871E82D30B005AEE30 /* AVFoundation.framework */,
				469736881E82D30B005AEE30 /* AVKit.framework */,
			);
			name = Frameworks;
			sourceTree = "<group>";
		};
/* End PBXGroup section */

/* Begin PBXNativeTarget section */
		469736101E829F67005AEE30 /* Korandil App */ = {
			isa = PBXNativeTarget;
			buildConfigurationList = 4697363B1E829F6B005AEE30 /* Build configuration list for PBXNativeTarget "Korandil App" */;
			buildPhases = (
				4697360D1E829F67005AEE30 /* Sources */,
				4697360E1E829F67005AEE30 /* Frameworks */,
				4697360F1E829F67005AEE30 /* Resources */,
			);
			buildRules = (
			);
			dependencies = (
			);
			name = "Korandil App";
			productName = "Korandil App";
			productReference = 469736111E829F69005AEE30 /* Korandil App.app */;
			productType = "com.apple.product-type.application";
		};
		469736261E829F6A005AEE30 /* Korandil AppTests */ = {
			isa = PBXNativeTarget;
			buildConfigurationList = 4697363E1E829F6B005AEE30 /* Build configuration list for PBXNativeTarget "Korandil AppTests" */;
			buildPhases = (
				469736231E829F6A005AEE30 /* Sources */,
				469736241E829F6A005AEE30 /* Frameworks */,
				469736251E829F6A005AEE30 /* Resources */,
			);
			buildRules = (
			);
			dependencies = (
				469736291E829F6A005AEE30 /* PBXTargetDependency */,
			);
			name = "Korandil AppTests";
			productName = "Korandil AppTests";
			productReference = 469736271E829F6A005AEE30 /* Korandil AppTests.xctest */;
			productType = "com.apple.product-type.bundle.unit-test";
		};
		469736311E829F6B005AEE30 /* Korandil AppUITests */ = {
			isa = PBXNativeTarget;
			buildConfigurationList = 469736411E829F6B005AEE30 /* Build configuration list for PBXNativeTarget "Korandil AppUITests" */;
			buildPhases = (
				4697362E1E829F6B005AEE30 /* Sources */,
				4697362F1E829F6B005AEE30 /* Frameworks */,
				469736301E829F6B005AEE30 /* Resources */,
			);
			buildRules = (
			);
			dependencies = (
				469736341E829F6B005AEE30 /* PBXTargetDependency */,
			);
			name = "Korandil AppUITests";
			productName = "Korandil AppUITests";
			productReference = 469736321E829F6B005AEE30 /* Korandil AppUITests.xctest */;
			productType = "com.apple.product-type.bundle.ui-testing";
		};
/* End PBXNativeTarget section */

/* Begin PBXProject section */
		469736091E829F67005AEE30 /* Project object */ = {
			isa = PBXProject;
			attributes = {
				LastSwiftUpdateCheck = 0820;
				LastUpgradeCheck = 0820;
				ORGANIZATIONNAME = abhishek;
				TargetAttributes = {
					469736101E829F67005AEE30 = {
						CreatedOnToolsVersion = 8.2.1;
						ProvisioningStyle = Automatic;
					};
					469736261E829F6A005AEE30 = {
						CreatedOnToolsVersion = 8.2.1;
						ProvisioningStyle = Automatic;
						TestTargetID = 469736101E829F67005AEE30;
					};
					469736311E829F6B005AEE30 = {
						CreatedOnToolsVersion = 8.2.1;
						ProvisioningStyle = Automatic;
						TestTargetID = 469736101E829F67005AEE30;
					};
				};
			};
			buildConfigurationList = 4697360C1E829F67005AEE30 /* Build configuration list for PBXProject "Korandil App" */;
			compatibilityVersion = "Xcode 3.2";
			developmentRegion = English;
			hasScannedForEncodings = 0;
			knownRegions = (
				en,
				Base,
			);
			mainGroup = 469736081E829F67005AEE30;
			productRefGroup = 469736121E829F69005AEE30 /* Products */;
			projectDirPath = "";
			projectRoot = "";
			targets = (
				469736101E829F67005AEE30 /* Korandil App */,
				469736261E829F6A005AEE30 /* Korandil AppTests */,
				469736311E829F6B005AEE30 /* Korandil AppUITests */,
			);
		};
/* End PBXProject section */

/* Begin PBXResourcesBuildPhase section */
		4697360F1E829F67005AEE30 /* Resources */ = {
			isa = PBXResourcesBuildPhase;
			buildActionMask = 2147483647;
			files = (
				469736831E82D21B005AEE30 /* korandil.mp4 in Resources */,
				4697366E1E82CA18005AEE30 /* Advantage 02.png in Resources */,
				469736711E82CA18005AEE30 /* Strip Vertical View.png in Resources */,
				469736491E82A0F8005AEE30 /* button_tech.png in Resources */,
				469736481E82A0F8005AEE30 /* button_ce.png in Resources */,
				469736211E829F6A005AEE30 /* LaunchScreen.storyboard in Resources */,
				4697361E1E829F6A005AEE30 /* Assets.xcassets in Resources */,
				4697364F1E82A429005AEE30 /* Button Home.png in Resources */,
				46F6E3771E83E5200074405E /* techlabel.png in Resources */,
				4697365A1E82AD24005AEE30 /* Button Clinical Evidence Highlighted.png in Resources */,
				4697367A1E82CD19005AEE30 /* Documented safety across the IHD spectrum.png in Resources */,
				469736651E82BB9D005AEE30 /* Zoom Aluminium Layer.png in Resources */,
				469736671E82BC2D005AEE30 /* Zoom Polyamide Layer.png in Resources */,
				469736471E82A0F8005AEE30 /* button_advantages.png in Resources */,
				4697365E1E82B1FE005AEE30 /* Strip Polyamide Layer.png in Resources */,
				4697365B1E82AD24005AEE30 /* Button Technology Highlighted.png in Resources */,
				469736611E82B245005AEE30 /* Strip Polyolefin Layer.png in Resources */,
				469736531E82AB44005AEE30 /* BG 01.png in Resources */,
				4697361C1E829F6A005AEE30 /* Main.storyboard in Resources */,
				4697367E1E82CD19005AEE30 /* Rectangle Unstable Angina.png in Resources */,
				469736631E82B834005AEE30 /* Strip Aluminium Layer.png in Resources */,
				469736701E82CA18005AEE30 /* Multiple advantages over bottle pack.png in Resources */,
				4697367B1E82CD19005AEE30 /* Empowered for efficacy compliance and dependable outcomes.png in Resources */,
				4697367D1E82CD19005AEE30 /* Rectangle Stable Angina.png in Resources */,
				469736801E82CD19005AEE30 /* Triangle Stable Angina.png in Resources */,
				4697367C1E82CD19005AEE30 /* Rectangle AMI.png in Resources */,
				469736551E82AC16005AEE30 /* button_ref.png in Resources */,
				4697366D1E82CA18005AEE30 /* Advantage 01.png in Resources */,
				4697366F1E82CA18005AEE30 /* Advantage 03.png in Resources */,
				469736591E82AD24005AEE30 /* Button Advantages Highlighted.png in Resources */,
				469736811E82CD19005AEE30 /* Triangle Unstable Angina.png in Resources */,
				46F6E3791E83E5790074405E /* Strip Shadow.png in Resources */,
				4697365F1E82B1FE005AEE30 /* Zoom Polyolefin Layer.png in Resources */,
				4697367F1E82CD19005AEE30 /* Triangle AMI.png in Resources */,
			);
			runOnlyForDeploymentPostprocessing = 0;
		};
		469736251E829F6A005AEE30 /* Resources */ = {
			isa = PBXResourcesBuildPhase;
			buildActionMask = 2147483647;
			files = (
			);
			runOnlyForDeploymentPostprocessing = 0;
		};
		469736301E829F6B005AEE30 /* Resources */ = {
			isa = PBXResourcesBuildPhase;
			buildActionMask = 2147483647;
			files = (
			);
			runOnlyForDeploymentPostprocessing = 0;
		};
/* End PBXResourcesBuildPhase section */

/* Begin PBXSourcesBuildPhase section */
		4697360D1E829F67005AEE30 /* Sources */ = {
			isa = PBXSourcesBuildPhase;
			buildActionMask = 2147483647;
			files = (
				469736191E829F6A005AEE30 /* AdvantagesViewController.swift in Sources */,
				469736151E829F69005AEE30 /* AppDelegate.swift in Sources */,
				4697364B1E82A16F005AEE30 /* CriticalViewController.swift in Sources */,
				469736171E829F69005AEE30 /* TechnologyViewController.swift in Sources */,
				4697364D1E82A18F005AEE30 /* BlankViewController.swift in Sources */,
				469736851E82D2F7005AEE30 /* StartViewController.swift in Sources */,
			);
			runOnlyForDeploymentPostprocessing = 0;
		};
		469736231E829F6A005AEE30 /* Sources */ = {
			isa = PBXSourcesBuildPhase;
			buildActionMask = 2147483647;
			files = (
				4697362C1E829F6A005AEE30 /* Korandil_AppTests.swift in Sources */,
			);
			runOnlyForDeploymentPostprocessing = 0;
		};
		4697362E1E829F6B005AEE30 /* Sources */ = {
			isa = PBXSourcesBuildPhase;
			buildActionMask = 2147483647;
			files = (
				469736371E829F6B005AEE30 /* Korandil_AppUITests.swift in Sources */,
			);
			runOnlyForDeploymentPostprocessing = 0;
		};
/* End PBXSourcesBuildPhase section */

/* Begin PBXTargetDependency section */
		469736291E829F6A005AEE30 /* PBXTargetDependency */ = {
			isa = PBXTargetDependency;
			target = 469736101E829F67005AEE30 /* Korandil App */;
			targetProxy = 469736281E829F6A005AEE30 /* PBXContainerItemProxy */;
		};
		469736341E829F6B005AEE30 /* PBXTargetDependency */ = {
			isa = PBXTargetDependency;
			target = 469736101E829F67005AEE30 /* Korandil App */;
			targetProxy = 469736331E829F6B005AEE30 /* PBXContainerItemProxy */;
		};
/* End PBXTargetDependency section */

/* Begin PBXVariantGroup section */
		4697361A1E829F6A005AEE30 /* Main.storyboard */ = {
			isa = PBXVariantGroup;
			children = (
				4697361B1E829F6A005AEE30 /* Base */,
			);
			name = Main.storyboard;
			sourceTree = "<group>";
		};
		4697361F1E829F6A005AEE30 /* LaunchScreen.storyboard */ = {
			isa = PBXVariantGroup;
			children = (
				469736201E829F6A005AEE30 /* Base */,
			);
			name = LaunchScreen.storyboard;
			sourceTree = "<group>";
		};
/* End PBXVariantGroup section */

/* Begin XCBuildConfiguration section */
		469736391E829F6B005AEE30 /* Debug */ = {
			isa = XCBuildConfiguration;
			buildSettings = {
				ALWAYS_SEARCH_USER_PATHS = NO;
				CLANG_ANALYZER_NONNULL = YES;
				CLANG_CXX_LANGUAGE_STANDARD = "gnu++0x";
				CLANG_CXX_LIBRARY = "libc++";
				CLANG_ENABLE_MODULES = YES;
				CLANG_ENABLE_OBJC_ARC = YES;
				CLANG_WARN_BOOL_CONVERSION = YES;
				CLANG_WARN_CONSTANT_CONVERSION = YES;
				CLANG_WARN_DIRECT_OBJC_ISA_USAGE = YES_ERROR;
				CLANG_WARN_DOCUMENTATION_COMMENTS = YES;
				CLANG_WARN_EMPTY_BODY = YES;
				CLANG_WARN_ENUM_CONVERSION = YES;
				CLANG_WARN_INFINITE_RECURSION = YES;
				CLANG_WARN_INT_CONVERSION = YES;
				CLANG_WARN_OBJC_ROOT_CLASS = YES_ERROR;
				CLANG_WARN_SUSPICIOUS_MOVE = YES;
				CLANG_WARN_UNREACHABLE_CODE = YES;
				CLANG_WARN__DUPLICATE_METHOD_MATCH = YES;
				"CODE_SIGN_IDENTITY[sdk=iphoneos*]" = "iPhone Developer";
				COPY_PHASE_STRIP = NO;
				DEBUG_INFORMATION_FORMAT = dwarf;
				ENABLE_STRICT_OBJC_MSGSEND = YES;
				ENABLE_TESTABILITY = YES;
				GCC_C_LANGUAGE_STANDARD = gnu99;
				GCC_DYNAMIC_NO_PIC = NO;
				GCC_NO_COMMON_BLOCKS = YES;
				GCC_OPTIMIZATION_LEVEL = 0;
				GCC_PREPROCESSOR_DEFINITIONS = (
					"DEBUG=1",
					"$(inherited)",
				);
				GCC_WARN_64_TO_32_BIT_CONVERSION = YES;
				GCC_WARN_ABOUT_RETURN_TYPE = YES_ERROR;
				GCC_WARN_UNDECLARED_SELECTOR = YES;
				GCC_WARN_UNINITIALIZED_AUTOS = YES_AGGRESSIVE;
				GCC_WARN_UNUSED_FUNCTION = YES;
				GCC_WARN_UNUSED_VARIABLE = YES;
				IPHONEOS_DEPLOYMENT_TARGET = 10.2;
				MTL_ENABLE_DEBUG_INFO = YES;
				ONLY_ACTIVE_ARCH = YES;
				SDKROOT = iphoneos;
				SWIFT_ACTIVE_COMPILATION_CONDITIONS = DEBUG;
				SWIFT_OPTIMIZATION_LEVEL = "-Onone";
				TARGETED_DEVICE_FAMILY = 2;
			};
			name = Debug;
		};
		4697363A1E829F6B005AEE30 /* Release */ = {
			isa = XCBuildConfiguration;
			buildSettings = {
				ALWAYS_SEARCH_USER_PATHS = NO;
				CLANG_ANALYZER_NONNULL = YES;
				CLANG_CXX_LANGUAGE_STANDARD = "gnu++0x";
				CLANG_CXX_LIBRARY = "libc++";
				CLANG_ENABLE_MODULES = YES;
				CLANG_ENABLE_OBJC_ARC = YES;
				CLANG_WARN_BOOL_CONVERSION = YES;
				CLANG_WARN_CONSTANT_CONVERSION = YES;
				CLANG_WARN_DIRECT_OBJC_ISA_USAGE = YES_ERROR;
				CLANG_WARN_DOCUMENTATION_COMMENTS = YES;
				CLANG_WARN_EMPTY_BODY = YES;
				CLANG_WARN_ENUM_CONVERSION = YES;
				CLANG_WARN_INFINITE_RECURSION = YES;
				CLANG_WARN_INT_CONVERSION = YES;
				CLANG_WARN_OBJC_ROOT_CLASS = YES_ERROR;
				CLANG_WARN_SUSPICIOUS_MOVE = YES;
				CLANG_WARN_UNREACHABLE_CODE = YES;
				CLANG_WARN__DUPLICATE_METHOD_MATCH = YES;
				"CODE_SIGN_IDENTITY[sdk=iphoneos*]" = "iPhone Developer";
				COPY_PHASE_STRIP = NO;
				DEBUG_INFORMATION_FORMAT = "dwarf-with-dsym";
				ENABLE_NS_ASSERTIONS = NO;
				ENABLE_STRICT_OBJC_MSGSEND = YES;
				GCC_C_LANGUAGE_STANDARD = gnu99;
				GCC_NO_COMMON_BLOCKS = YES;
				GCC_WARN_64_TO_32_BIT_CONVERSION = YES;
				GCC_WARN_ABOUT_RETURN_TYPE = YES_ERROR;
				GCC_WARN_UNDECLARED_SELECTOR = YES;
				GCC_WARN_UNINITIALIZED_AUTOS = YES_AGGRESSIVE;
				GCC_WARN_UNUSED_FUNCTION = YES;
				GCC_WARN_UNUSED_VARIABLE = YES;
				IPHONEOS_DEPLOYMENT_TARGET = 10.2;
				MTL_ENABLE_DEBUG_INFO = NO;
				SDKROOT = iphoneos;
				SWIFT_OPTIMIZATION_LEVEL = "-Owholemodule";
				TARGETED_DEVICE_FAMILY = 2;
				VALIDATE_PRODUCT = YES;
			};
			name = Release;
		};
		4697363C1E829F6B005AEE30 /* Debug */ = {
			isa = XCBuildConfiguration;
			buildSettings = {
				ASSETCATALOG_COMPILER_APPICON_NAME = AppIcon;
				INFOPLIST_FILE = "Korandil App/Info.plist";
				LD_RUNPATH_SEARCH_PATHS = "$(inherited) @executable_path/Frameworks";
				PRODUCT_BUNDLE_IDENTIFIER = "com.codebreaker.Korandil-App";
				PRODUCT_NAME = "$(TARGET_NAME)";
				SWIFT_VERSION = 3.0;
			};
			name = Debug;
		};
		4697363D1E829F6B005AEE30 /* Release */ = {
			isa = XCBuildConfiguration;
			buildSettings = {
				ASSETCATALOG_COMPILER_APPICON_NAME = AppIcon;
				INFOPLIST_FILE = "Korandil App/Info.plist";
				LD_RUNPATH_SEARCH_PATHS = "$(inherited) @executable_path/Frameworks";
				PRODUCT_BUNDLE_IDENTIFIER = "com.codebreaker.Korandil-App";
				PRODUCT_NAME = "$(TARGET_NAME)";
				SWIFT_VERSION = 3.0;
			};
			name = Release;
		};
		4697363F1E829F6B005AEE30 /* Debug */ = {
			isa = XCBuildConfiguration;
			buildSettings = {
				ALWAYS_EMBED_SWIFT_STANDARD_LIBRARIES = YES;
				BUNDLE_LOADER = "$(TEST_HOST)";
				INFOPLIST_FILE = "Korandil AppTests/Info.plist";
				LD_RUNPATH_SEARCH_PATHS = "$(inherited) @executable_path/Frameworks @loader_path/Frameworks";
				PRODUCT_BUNDLE_IDENTIFIER = "com.codebreaker.Korandil-AppTests";
				PRODUCT_NAME = "$(TARGET_NAME)";
				SWIFT_VERSION = 3.0;
				TEST_HOST = "$(BUILT_PRODUCTS_DIR)/Korandil App.app/Korandil App";
			};
			name = Debug;
		};
		469736401E829F6B005AEE30 /* Release */ = {
			isa = XCBuildConfiguration;
			buildSettings = {
				ALWAYS_EMBED_SWIFT_STANDARD_LIBRARIES = YES;
				BUNDLE_LOADER = "$(TEST_HOST)";
				INFOPLIST_FILE = "Korandil AppTests/Info.plist";
				LD_RUNPATH_SEARCH_PATHS = "$(inherited) @executable_path/Frameworks @loader_path/Frameworks";
				PRODUCT_BUNDLE_IDENTIFIER = "com.codebreaker.Korandil-AppTests";
				PRODUCT_NAME = "$(TARGET_NAME)";
				SWIFT_VERSION = 3.0;
				TEST_HOST = "$(BUILT_PRODUCTS_DIR)/Korandil App.app/Korandil App";
			};
			name = Release;
		};
		469736421E829F6B005AEE30 /* Debug */ = {
			isa = XCBuildConfiguration;
			buildSettings = {
				ALWAYS_EMBED_SWIFT_STANDARD_LIBRARIES = YES;
				INFOPLIST_FILE = "Korandil AppUITests/Info.plist";
				LD_RUNPATH_SEARCH_PATHS = "$(inherited) @executable_path/Frameworks @loader_path/Frameworks";
				PRODUCT_BUNDLE_IDENTIFIER = "com.codebreaker.Korandil-AppUITests";
				PRODUCT_NAME = "$(TARGET_NAME)";
				SWIFT_VERSION = 3.0;
				TEST_TARGET_NAME = "Korandil App";
			};
			name = Debug;
		};
		469736431E829F6B005AEE30 /* Release */ = {
			isa = XCBuildConfiguration;
			buildSettings = {
				ALWAYS_EMBED_SWIFT_STANDARD_LIBRARIES = YES;
				INFOPLIST_FILE = "Korandil AppUITests/Info.plist";
				LD_RUNPATH_SEARCH_PATHS = "$(inherited) @executable_path/Frameworks @loader_path/Frameworks";
				PRODUCT_BUNDLE_IDENTIFIER = "com.codebreaker.Korandil-AppUITests";
				PRODUCT_NAME = "$(TARGET_NAME)";
				SWIFT_VERSION = 3.0;
				TEST_TARGET_NAME = "Korandil App";
			};
			name = Release;
		};
/* End XCBuildConfiguration section */

/* Begin XCConfigurationList section */
		4697360C1E829F67005AEE30 /* Build configuration list for PBXProject "Korandil App" */ = {
			isa = XCConfigurationList;
			buildConfigurations = (
				469736391E829F6B005AEE30 /* Debug */,
				4697363A1E829F6B005AEE30 /* Release */,
			);
			defaultConfigurationIsVisible = 0;
			defaultConfigurationName = Release;
		};
		4697363B1E829F6B005AEE30 /* Build configuration list for PBXNativeTarget "Korandil App" */ = {
			isa = XCConfigurationList;
			buildConfigurations = (
				4697363C1E829F6B005AEE30 /* Debug */,
				4697363D1E829F6B005AEE30 /* Release */,
			);
			defaultConfigurationIsVisible = 0;
			defaultConfigurationName = Release;
		};
		4697363E1E829F6B005AEE30 /* Build configuration list for PBXNativeTarget "Korandil AppTests" */ = {
			isa = XCConfigurationList;
			buildConfigurations = (
				4697363F1E829F6B005AEE30 /* Debug */,
				469736401E829F6B005AEE30 /* Release */,
			);
			defaultConfigurationIsVisible = 0;
			defaultConfigurationName = Release;
		};
		469736411E829F6B005AEE30 /* Build configuration list for PBXNativeTarget "Korandil AppUITests" */ = {
			isa = XCConfigurationList;
			buildConfigurations = (
				469736421E829F6B005AEE30 /* Debug */,
				469736431E829F6B005AEE30 /* Release */,
			);
			defaultConfigurationIsVisible = 0;
			defaultConfigurationName = Release;
		};
/* End XCConfigurationList section */
	};
	rootObject = 469736091E829F67005AEE30 /* Project object */;
}
